
Microsoft Visual Studio Solution File, Format Version 12.00
# Visual Studio Version 16
VisualStudioVersion = 16.0.29519.181
MinimumVisualStudioVersion = 10.0.40219.1
Project("{FAE04EC0-301F-11D3-BF4B-00C04F79EFBC}") = "HW1", "HW1\HW1.csproj", "{A9CAF917-3133-437F-A36F-6DB81380C868}"
EndProject
Global
	GlobalSection(SolutionConfigurationPlatforms) = preSolution
		Debug|Any CPU = Debug|Any CPU
		Release|Any CPU = Release|Any CPU
	EndGlobalSection
	GlobalSection(ProjectConfigurationPlatforms) = postSolution
		{A9CAF917-3133-437F-A36F-6DB81380C868}.Debug|Any CPU.ActiveCfg = Debug|Any CPU
		{A9CAF917-3133-437F-A36F-6DB81380C868}.Debug|Any CPU.Build.0 = Debug|Any CPU
		{A9CAF917-3133-437F-A36F-6DB81380C868}.Release|Any CPU.ActiveCfg = Release|Any CPU
		{A9CAF917-3133-437F-A36F-6DB81380C868}.Release|Any CPU.Build.0 = Release|Any CPU
	EndGlobalSection
	GlobalSection(SolutionProperties) = preSolution
		HideSolutionNode = FALSE
	EndGlobalSection
	GlobalSection(ExtensibilityGlobals) = postSolution
		SolutionGuid = {17263E72-AA93-454F-8F87-7AF700F8042B}
	EndGlobalSection
EndGlobal
