
Microsoft Visual Studio Solution File, Format Version 12.00
# Visual Studio Version 16
VisualStudioVersion = 16.0.29519.181
MinimumVisualStudioVersion = 10.0.40219.1
Project("{FAE04EC0-301F-11D3-BF4B-00C04F79EFBC}") = "PE1", "PE1\PE1.csproj", "{1A8FCCCE-25F1-4D7B-AB28-56735A2ED9D3}"
EndProject
Global
	GlobalSection(SolutionConfigurationPlatforms) = preSolution
		Debug|Any CPU = Debug|Any CPU
		Release|Any CPU = Release|Any CPU
	EndGlobalSection
	GlobalSection(ProjectConfigurationPlatforms) = postSolution
		{1A8FCCCE-25F1-4D7B-AB28-56735A2ED9D3}.Debug|Any CPU.ActiveCfg = Debug|Any CPU
		{1A8FCCCE-25F1-4D7B-AB28-56735A2ED9D3}.Debug|Any CPU.Build.0 = Debug|Any CPU
		{1A8FCCCE-25F1-4D7B-AB28-56735A2ED9D3}.Release|Any CPU.ActiveCfg = Release|Any CPU
		{1A8FCCCE-25F1-4D7B-AB28-56735A2ED9D3}.Release|Any CPU.Build.0 = Release|Any CPU
	EndGlobalSection
	GlobalSection(SolutionProperties) = preSolution
		HideSolutionNode = FALSE
	EndGlobalSection
	GlobalSection(ExtensibilityGlobals) = postSolution
		SolutionGuid = {67DF413B-B658-44D2-9596-013E1F36DC09}
	EndGlobalSection
EndGlobal
